github.com/wowchemy/wowchemy-hugo-modules/netlify-cms-academic v0.0.0-20201001144923-e58ee0ffc576 h1:eWhhzaONmJOvpOZSsEKuaPAWUwbiIIbS0fDOLuYAjZM=
github.com/wowchemy/wowchemy-hugo-modules/netlify-cms-academic v0.0.0-20201001144923-e58ee0ffc576/go.mod h1:TU3QDPUdBSQnvDP5QVCwjAkBIdVMS/bKFA8jr3eI5AY=
github.com/wowchemy/wowchemy-hugo-modules/netlify-cms-academic v0.0.0-20201113213807-9ee65a120fe8 h1:md77MNLWh5zN/D+kQhrk1HxoWeOR31RkSqaNBrRLN+M=
github.com/wowchemy/wowchemy-hugo-modules/netlify-cms-academic v0.0.0-20201113213807-9ee65a120fe8/go.mod h1:TU3QDPUdBSQnvDP5QVCwjAkBIdVMS/bKFA8jr3eI5AY=
github.com/wowchemy/wowchemy-hugo-modules/netlify-cms-academic v0.0.0-20201115162704-891f81131202 h1:2kpJ0HZ/TKDXwbETulOrN+LH4CPLa5UANZvClzSxlUU=
github.com/wowchemy/wowchemy-hugo-modules/netlify-cms-academic v0.0.0-20201115162704-891f81131202/go.mod h1:TU3QDPUdBSQnvDP5QVCwjAkBIdVMS/bKFA8jr3eI5AY=
github.com/wowchemy/wowchemy-hugo-modules/wowchemy v0.0.0-20201113213807-9ee65a120fe8 h1:8kEOyQzH8x2FI/FSSdOS6N+a/3DvCXB2WaSR04EBHiY=
github.com/wowchemy/wowchemy-hugo-modules/wowchemy v0.0.0-20201113213807-9ee65a120fe8/go.mod h1:H22qfH9qj3FWwsk7+bAZpmT24yRGNQURah2/IRwjbn8=
github.com/wowchemy/wowchemy-hugo-modules/wowchemy v0.0.0-20201115162704-891f81131202 h1:m6wPp6vqT8xw7pKij94fWXMMECnvzbi60+S3j2MWZ/c=
github.com/wowchemy/wowchemy-hugo-modules/wowchemy v0.0.0-20201115162704-891f81131202/go.mod h1:H22qfH9qj3FWwsk7+bAZpmT24yRGNQURah2/IRwjbn8=
