github.com/wowchemy/wowchemy-hugo-modules/wowchemy v0.0.0-20201001144923-e58ee0ffc576 h1:r97j+QgxENainAzooKFwaHePl7UBBtZ4RFh6+Ks2x3U=
github.com/wowchemy/wowchemy-hugo-modules/wowchemy v0.0.0-20201001144923-e58ee0ffc576/go.mod h1:H22qfH9qj3FWwsk7+bAZpmT24yRGNQURah2/IRwjbn8=
github.com/wowchemy/wowchemy-hugo-modules/wowchemy v0.0.0-20201113213807-9ee65a120fe8 h1:8kEOyQzH8x2FI/FSSdOS6N+a/3DvCXB2WaSR04EBHiY=
github.com/wowchemy/wowchemy-hugo-modules/wowchemy v0.0.0-20201113213807-9ee65a120fe8/go.mod h1:H22qfH9qj3FWwsk7+bAZpmT24yRGNQURah2/IRwjbn8=
github.com/wowchemy/wowchemy-hugo-modules/wowchemy v0.0.0-20201115162704-891f81131202 h1:m6wPp6vqT8xw7pKij94fWXMMECnvzbi60+S3j2MWZ/c=
github.com/wowchemy/wowchemy-hugo-modules/wowchemy v0.0.0-20201115162704-891f81131202/go.mod h1:H22qfH9qj3FWwsk7+bAZpmT24yRGNQURah2/IRwjbn8=
